
Microsoft Visual Studio Solution File, Format Version 12.00
# Visual Studio 15
VisualStudioVersion = 15.0.28307.902
MinimumVisualStudioVersion = 10.0.40219.1
Project("{FAE04EC0-301F-11D3-BF4B-00C04F79EFBC}") = "Z_MoreAlerts", "Z_MoreAlerts.csproj", "{B1F59F1B-B57C-49E2-8F1D-0D06037C7916}"
EndProject
Global
	GlobalSection(SolutionConfigurationPlatforms) = preSolution
		Debug|Any CPU = Debug|Any CPU
		Release|Any CPU = Release|Any CPU
	EndGlobalSection
	GlobalSection(ProjectConfigurationPlatforms) = postSolution
		{B1F59F1B-B57C-49E2-8F1D-0D06037C7916}.Debug|Any CPU.ActiveCfg = Debug|Any CPU
		{B1F59F1B-B57C-49E2-8F1D-0D06037C7916}.Debug|Any CPU.Build.0 = Debug|Any CPU
		{B1F59F1B-B57C-49E2-8F1D-0D06037C7916}.Release|Any CPU.ActiveCfg = Release|Any CPU
		{B1F59F1B-B57C-49E2-8F1D-0D06037C7916}.Release|Any CPU.Build.0 = Release|Any CPU
	EndGlobalSection
	GlobalSection(SolutionProperties) = preSolution
		HideSolutionNode = FALSE
	EndGlobalSection
	GlobalSection(ExtensibilityGlobals) = postSolution
		SolutionGuid = {FD03AC8E-4993-4B7C-A8F0-00A8043B1BEB}
	EndGlobalSection
EndGlobal
